
Microsoft Visual Studio Solution File, Format Version 12.00
# Visual Studio Version 16
VisualStudioVersion = 16.0.31205.134
MinimumVisualStudioVersion = 10.0.40219.1
Project("{FAE04EC0-301F-11D3-BF4B-00C04F79EFBC}") = "YioTranslate", "YioTranslate\YioTranslate.csproj", "{81835659-9B3F-4434-B4A3-15FDA64C3051}"
EndProject
Global
	GlobalSection(SolutionConfigurationPlatforms) = preSolution
		Debug|Any CPU = Debug|Any CPU
		Release|Any CPU = Release|Any CPU
	EndGlobalSection
	GlobalSection(ProjectConfigurationPlatforms) = postSolution
		{81835659-9B3F-4434-B4A3-15FDA64C3051}.Debug|Any CPU.ActiveCfg = Debug|Any CPU
		{81835659-9B3F-4434-B4A3-15FDA64C3051}.Debug|Any CPU.Build.0 = Debug|Any CPU
		{81835659-9B3F-4434-B4A3-15FDA64C3051}.Release|Any CPU.ActiveCfg = Release|Any CPU
		{81835659-9B3F-4434-B4A3-15FDA64C3051}.Release|Any CPU.Build.0 = Release|Any CPU
	EndGlobalSection
	GlobalSection(SolutionProperties) = preSolution
		HideSolutionNode = FALSE
	EndGlobalSection
	GlobalSection(ExtensibilityGlobals) = postSolution
		SolutionGuid = {016C7BF5-348E-4769-853F-BB7A8CF601F1}
	EndGlobalSection
EndGlobal
